
Microsoft Visual Studio Solution File, Format Version 12.00
# Visual Studio Version 17
VisualStudioVersion = 17.2.32630.192
MinimumVisualStudioVersion = 10.0.40219.1
Project("{FAE04EC0-301F-11D3-BF4B-00C04F79EFBC}") = "Identity", "Identity\Identity.csproj", "{C6F5397F-3112-435B-84E9-C60C621B6C51}"
EndProject
Global
	GlobalSection(SolutionConfigurationPlatforms) = preSolution
		Debug|Any CPU = Debug|Any CPU
		Release|Any CPU = Release|Any CPU
	EndGlobalSection
	GlobalSection(ProjectConfigurationPlatforms) = postSolution
		{C6F5397F-3112-435B-84E9-C60C621B6C51}.Debug|Any CPU.ActiveCfg = Debug|Any CPU
		{C6F5397F-3112-435B-84E9-C60C621B6C51}.Debug|Any CPU.Build.0 = Debug|Any CPU
		{C6F5397F-3112-435B-84E9-C60C621B6C51}.Release|Any CPU.ActiveCfg = Release|Any CPU
		{C6F5397F-3112-435B-84E9-C60C621B6C51}.Release|Any CPU.Build.0 = Release|Any CPU
	EndGlobalSection
	GlobalSection(SolutionProperties) = preSolution
		HideSolutionNode = FALSE
	EndGlobalSection
	GlobalSection(ExtensibilityGlobals) = postSolution
		SolutionGuid = {A9E891B0-8786-4B39-9E42-3EF583D0E64B}
	EndGlobalSection
EndGlobal
